
Microsoft Visual Studio Solution File, Format Version 12.00
# Visual Studio Version 17
VisualStudioVersion = 17.8.34525.116
MinimumVisualStudioVersion = 10.0.40219.1
Project("{FAE04EC0-301F-11D3-BF4B-00C04F79EFBC}") = "Entities", "Entities\Entities.csproj", "{460889C4-B03E-4B77-B280-5344A7208C86}"
EndProject
Project("{FAE04EC0-301F-11D3-BF4B-00C04F79EFBC}") = "DataAccess", "DataAccess\DataAccess.csproj", "{EF9218FF-9990-4292-9196-AC0A2F62C948}"
EndProject
Project("{FAE04EC0-301F-11D3-BF4B-00C04F79EFBC}") = "Business", "Business\Business.csproj", "{3612AE9F-79C3-421A-905B-63A5F99E0101}"
EndProject
Project("{FAE04EC0-301F-11D3-BF4B-00C04F79EFBC}") = "Core", "Core\Core.csproj", "{9005781A-D2E7-4ECE-B306-87621857A0B8}"
EndProject
Project("{FAE04EC0-301F-11D3-BF4B-00C04F79EFBC}") = "Api", "Api\Api.csproj", "{368D16A7-F902-42F8-81E2-23A514FA4BBA}"
EndProject
Global
	GlobalSection(SolutionConfigurationPlatforms) = preSolution
		Debug|Any CPU = Debug|Any CPU
		Release|Any CPU = Release|Any CPU
	EndGlobalSection
	GlobalSection(ProjectConfigurationPlatforms) = postSolution
		{460889C4-B03E-4B77-B280-5344A7208C86}.Debug|Any CPU.ActiveCfg = Debug|Any CPU
		{460889C4-B03E-4B77-B280-5344A7208C86}.Debug|Any CPU.Build.0 = Debug|Any CPU
		{460889C4-B03E-4B77-B280-5344A7208C86}.Release|Any CPU.ActiveCfg = Release|Any CPU
		{460889C4-B03E-4B77-B280-5344A7208C86}.Release|Any CPU.Build.0 = Release|Any CPU
		{EF9218FF-9990-4292-9196-AC0A2F62C948}.Debug|Any CPU.ActiveCfg = Debug|Any CPU
		{EF9218FF-9990-4292-9196-AC0A2F62C948}.Debug|Any CPU.Build.0 = Debug|Any CPU
		{EF9218FF-9990-4292-9196-AC0A2F62C948}.Release|Any CPU.ActiveCfg = Release|Any CPU
		{EF9218FF-9990-4292-9196-AC0A2F62C948}.Release|Any CPU.Build.0 = Release|Any CPU
		{3612AE9F-79C3-421A-905B-63A5F99E0101}.Debug|Any CPU.ActiveCfg = Debug|Any CPU
		{3612AE9F-79C3-421A-905B-63A5F99E0101}.Debug|Any CPU.Build.0 = Debug|Any CPU
		{3612AE9F-79C3-421A-905B-63A5F99E0101}.Release|Any CPU.ActiveCfg = Release|Any CPU
		{3612AE9F-79C3-421A-905B-63A5F99E0101}.Release|Any CPU.Build.0 = Release|Any CPU
		{9005781A-D2E7-4ECE-B306-87621857A0B8}.Debug|Any CPU.ActiveCfg = Debug|Any CPU
		{9005781A-D2E7-4ECE-B306-87621857A0B8}.Debug|Any CPU.Build.0 = Debug|Any CPU
		{9005781A-D2E7-4ECE-B306-87621857A0B8}.Release|Any CPU.ActiveCfg = Release|Any CPU
		{9005781A-D2E7-4ECE-B306-87621857A0B8}.Release|Any CPU.Build.0 = Release|Any CPU
		{368D16A7-F902-42F8-81E2-23A514FA4BBA}.Debug|Any CPU.ActiveCfg = Debug|Any CPU
		{368D16A7-F902-42F8-81E2-23A514FA4BBA}.Debug|Any CPU.Build.0 = Debug|Any CPU
		{368D16A7-F902-42F8-81E2-23A514FA4BBA}.Release|Any CPU.ActiveCfg = Release|Any CPU
		{368D16A7-F902-42F8-81E2-23A514FA4BBA}.Release|Any CPU.Build.0 = Release|Any CPU
	EndGlobalSection
	GlobalSection(SolutionProperties) = preSolution
		HideSolutionNode = FALSE
	EndGlobalSection
	GlobalSection(ExtensibilityGlobals) = postSolution
		SolutionGuid = {2B35589A-6210-40C9-8FC3-DB62D6E3C118}
	EndGlobalSection
EndGlobal
